
Microsoft Visual Studio Solution File, Format Version 12.00
# Visual Studio Version 17
VisualStudioVersion = 17.5.002.0
MinimumVisualStudioVersion = 10.0.40219.1
Project("{2150E333-8FDC-42A3-9474-1A3956D46DE8}") = "Lesson_1", "Lesson_1", "{EF6A9D53-35B3-40B4-BF85-23B49BD49704}"
EndProject
Project("{9A19103F-16F7-4668-BE54-9A1E7A4F7556}") = "1_1", "Lesson_1\1_1\1_1.csproj", "{980E2340-8543-4AC0-BFEB-1D60E587DDA1}"
EndProject
Global
	GlobalSection(SolutionConfigurationPlatforms) = preSolution
		Debug|Any CPU = Debug|Any CPU
		Release|Any CPU = Release|Any CPU
	EndGlobalSection
	GlobalSection(ProjectConfigurationPlatforms) = postSolution
		{980E2340-8543-4AC0-BFEB-1D60E587DDA1}.Debug|Any CPU.ActiveCfg = Debug|Any CPU
		{980E2340-8543-4AC0-BFEB-1D60E587DDA1}.Debug|Any CPU.Build.0 = Debug|Any CPU
		{980E2340-8543-4AC0-BFEB-1D60E587DDA1}.Release|Any CPU.ActiveCfg = Release|Any CPU
		{980E2340-8543-4AC0-BFEB-1D60E587DDA1}.Release|Any CPU.Build.0 = Release|Any CPU
	EndGlobalSection
	GlobalSection(SolutionProperties) = preSolution
		HideSolutionNode = FALSE
	EndGlobalSection
	GlobalSection(NestedProjects) = preSolution
		{980E2340-8543-4AC0-BFEB-1D60E587DDA1} = {EF6A9D53-35B3-40B4-BF85-23B49BD49704}
	EndGlobalSection
	GlobalSection(ExtensibilityGlobals) = postSolution
		SolutionGuid = {BB7D7D90-255D-4C8F-BF66-A38075FBAC62}
	EndGlobalSection
EndGlobal
